
Microsoft Visual Studio Solution File, Format Version 12.00
# Visual Studio Version 17
VisualStudioVersion = 17.14.37516.0 d17.14
MinimumVisualStudioVersion = 10.0.40219.1
Project("{FAE04EC0-301F-11D3-BF4B-00C04F79EFBC}") = "PaymentGateway.IntegrationAPI", "PaymentGateway.IntegrationAPI\PaymentGateway.IntegrationAPI.csproj", "{43284EAB-D8FD-4AB4-A044-C73CDD6285DB}"
EndProject
Global
	GlobalSection(SolutionConfigurationPlatforms) = preSolution
		Debug|Any CPU = Debug|Any CPU
		Release|Any CPU = Release|Any CPU
	EndGlobalSection
	GlobalSection(ProjectConfigurationPlatforms) = postSolution
		{43284EAB-D8FD-4AB4-A044-C73CDD6285DB}.Debug|Any CPU.ActiveCfg = Debug|Any CPU
		{43284EAB-D8FD-4AB4-A044-C73CDD6285DB}.Debug|Any CPU.Build.0 = Debug|Any CPU
		{43284EAB-D8FD-4AB4-A044-C73CDD6285DB}.Release|Any CPU.ActiveCfg = Release|Any CPU
		{43284EAB-D8FD-4AB4-A044-C73CDD6285DB}.Release|Any CPU.Build.0 = Release|Any CPU
	EndGlobalSection
	GlobalSection(SolutionProperties) = preSolution
		HideSolutionNode = FALSE
	EndGlobalSection
	GlobalSection(ExtensibilityGlobals) = postSolution
		SolutionGuid = {92F035AE-748B-46A0-8A95-45C02BFC0BDC}
	EndGlobalSection
EndGlobal
